{
    "name": "vstsbuildstatus",
    "version": "0.8.0",
    "lockfileVersion": 1,
    "requires": true,
    "dependencies": {
        "@types/mocha": {
            "version": "2.2.41",
            "resolved": "https://registry.npmjs.org/@types/mocha/-/mocha-2.2.41.tgz",
            "integrity": "sha1-4nzwgXFT658nE7LT9saPHhw8pgg=",
            "dev": true
        },
        "@types/node": {
            "version": "6.0.79",
            "resolved": "https://registry.npmjs.org/@types/node/-/node-6.0.79.tgz",
            "integrity": "sha512-7F3/P6MkTPA0QxOstRqfcnoReCUy5V/QG92cyBoZSPnqdX44L8TtNELSVfN56gAttm3YWj9cEi8FRIPVq0WmeQ==",
            "dev": true
        },
        "@types/node-fetch": {
            "version": "1.6.7",
            "resolved": "https://registry.npmjs.org/@types/node-fetch/-/node-fetch-1.6.7.tgz",
            "integrity": "sha1-UhB46PDGmhWOUCIAWsqS0mIPbVc=",
            "dev": true
        },
        "@types/sinon": {
            "version": "2.3.2",
            "resolved": "https://registry.npmjs.org/@types/sinon/-/sinon-2.3.2.tgz",
            "integrity": "sha512-92DKsC/9bnsfyBLdY5AP8Zk7LDbwVF0hBHsfQ3IY3kHXEo3NdJA57090wGmzcnITxupyvR3lXk278tPktM6OJw==",
            "dev": true
        },
        "mocha": {
            "version": "2.5.3",
            "resolved": "https://registry.npmjs.org/mocha/-/mocha-2.5.3.tgz",
            "integrity": "sha1-FhvlvetJZ3HrmzV0UFC2IrWu/Fg=",
            "dev": true
        },
        "node-fetch": {
            "version": "1.7.1",
            "resolved": "https://registry.npmjs.org/node-fetch/-/node-fetch-1.7.1.tgz",
            "integrity": "sha512-j8XsFGCLw79vWXkZtMSmmLaOk9z5SQ9bV/tkbZVCqvgwzrjAGq66igobLofHtF63NvMTp2WjytpsNTGKa+XRIQ=="
        },
        "openurl": {
            "version": "1.1.1",
            "resolved": "https://registry.npmjs.org/openurl/-/openurl-1.1.1.tgz",
            "integrity": "sha1-OHW0sO96UsFW8NtB1GCduw+Us4c="
        },
        "sinon": {
            "version": "2.3.8",
            "resolved": "https://registry.npmjs.org/sinon/-/sinon-2.3.8.tgz",
            "integrity": "sha1-Md4G/tj7o6Zx5XbdltClhjeW8lw=",
            "dev": true,
            "dependencies": {
                "diff": {
                    "version": "3.3.0",
                    "resolved": "https://registry.npmjs.org/diff/-/diff-3.3.0.tgz",
                    "integrity": "sha512-w0XZubFWn0Adlsapj9EAWX0FqWdO4tz8kc3RiYdWLh4k/V8PTb6i0SMgXt0vRM3zyKnT8tKO7mUlieRQHIjMNg=="
                }
            }
        },
        "typescript": {
            "version": "2.4.1",
            "resolved": "https://registry.npmjs.org/typescript/-/typescript-2.4.1.tgz",
            "integrity": "sha1-w8yxbdqgsjFN4DHn5v7onlujRrw=",
            "dev": true
        },
        "vscode": {
            "version": "1.1.2",
            "resolved": "https://registry.npmjs.org/vscode/-/vscode-1.1.2.tgz",
            "integrity": "sha1-GKKedChTzVPzwUd67CinKJVyHck=",
            "dev": true,
            "dependencies": {
                "commander": {
                    "version": "2.9.0",
                    "resolved": "https://registry.npmjs.org/commander/-/commander-2.9.0.tgz",
                    "integrity": "sha1-nJkJQXbhIkDLItbFFGCYQA/g99Q="
                },
                "debug": {
                    "version": "2.6.0",
                    "resolved": "https://registry.npmjs.org/debug/-/debug-2.6.0.tgz",
                    "integrity": "sha1-vFlryr52F/Edn6FTYe3tVgi4SZs="
                },
                "diff": {
                    "version": "3.2.0",
                    "resolved": "https://registry.npmjs.org/diff/-/diff-3.2.0.tgz",
                    "integrity": "sha1-yc45Okt8vQsFinJck98pkCeGj/k="
                },
                "escape-string-regexp": {
                    "version": "1.0.5",
                    "resolved": "https://registry.npmjs.org/escape-string-regexp/-/escape-string-regexp-1.0.5.tgz",
                    "integrity": "sha1-G2HAViGQqN/2rjuyzwIAyhMLhtQ="
                },
                "glob": {
                    "version": "7.1.2",
                    "resolved": "https://registry.npmjs.org/glob/-/glob-7.1.2.tgz",
                    "integrity": "sha512-MJTUg1kjuLeQCJ+ccE4Vpa6kKVXkPYJ2mOCQyUuKLcLQsdrMCpBPUi8qVE6+YuaJkozeA9NusTAw3hLr8Xe5EQ=="
                },
                "minimatch": {
                    "version": "3.0.4",
                    "resolved": "https://registry.npmjs.org/minimatch/-/minimatch-3.0.4.tgz",
                    "integrity": "sha512-yJHVQEhyqPLUTgt9B83PXu6W3rx4MvvHvSUvToogpwoGDOUQ+yDrR0HRot+yOCdCO7u4hX3pWft6kWBBcqh0UA=="
                },
                "mocha": {
                    "version": "3.4.2",
                    "resolved": "https://registry.npmjs.org/mocha/-/mocha-3.4.2.tgz",
                    "integrity": "sha1-0O9NMyEm2/GNDWQMmzgt1IvpdZQ=",
                    "dependencies": {
                        "glob": {
                            "version": "7.1.1",
                            "resolved": "https://registry.npmjs.org/glob/-/glob-7.1.1.tgz",
                            "integrity": "sha1-gFIR3wT6rxxjo2ADBs31reULLsg="
                        }
                    }
                },
                "ms": {
                    "version": "0.7.2",
                    "resolved": "https://registry.npmjs.org/ms/-/ms-0.7.2.tgz",
                    "integrity": "sha1-riXPJRKziFodldfwN4aNhDESR2U="
                },
                "supports-color": {
                    "version": "3.1.2",
                    "resolved": "https://registry.npmjs.org/supports-color/-/supports-color-3.1.2.tgz",
                    "integrity": "sha1-cqJiiU2dQIuVbKBf83su2KbiotU="
                }
            }
        }
    }
}
